
Microsoft Visual Studio Solution File, Format Version 12.00
# Visual Studio Version 16
VisualStudioVersion = 16.0.29905.134
MinimumVisualStudioVersion = 10.0.40219.1
Project("{FAE04EC0-301F-11D3-BF4B-00C04F79EFBC}") = "Trojan-GUI-csharp", "TrojanFormsApp\Trojan-GUI-csharp.csproj", "{0951DF6D-CBDF-4642-B0BC-BB2707B89412}"
EndProject
Global
	GlobalSection(SolutionConfigurationPlatforms) = preSolution
		Debug|Any CPU = Debug|Any CPU
		Release|Any CPU = Release|Any CPU
	EndGlobalSection
	GlobalSection(ProjectConfigurationPlatforms) = postSolution
		{0951DF6D-CBDF-4642-B0BC-BB2707B89412}.Debug|Any CPU.ActiveCfg = Debug|Any CPU
		{0951DF6D-CBDF-4642-B0BC-BB2707B89412}.Debug|Any CPU.Build.0 = Debug|Any CPU
		{0951DF6D-CBDF-4642-B0BC-BB2707B89412}.Release|Any CPU.ActiveCfg = Release|Any CPU
		{0951DF6D-CBDF-4642-B0BC-BB2707B89412}.Release|Any CPU.Build.0 = Release|Any CPU
	EndGlobalSection
	GlobalSection(SolutionProperties) = preSolution
		HideSolutionNode = FALSE
	EndGlobalSection
	GlobalSection(ExtensibilityGlobals) = postSolution
		SolutionGuid = {4BE0975A-1729-4C71-A107-F639231BC3D8}
	EndGlobalSection
EndGlobal
